// !$*UTF8*$!
{
	archiveVersion = 1;
	classes = {
	};
	objectVersion = 46;
	objects = {

/* Begin PBXBuildFile section */
		3757E5745BD7566994F5EBEF /* Pods_GoogleSheetsPOC.framework in Frameworks */ = {isa = PBXBuildFile; fileRef = 84B64C09573E63696F6F1EE2 /* Pods_GoogleSheetsPOC.framework */; };
		63D3F0D31FD0F82F008B626B /* AppDelegate.swift in Sources */ = {isa = PBXBuildFile; fileRef = 63D3F0D21FD0F82F008B626B /* AppDelegate.swift */; };
		63D3F0D51FD0F82F008B626B /* ViewController.swift in Sources */ = {isa = PBXBuildFile; fileRef = 63D3F0D41FD0F82F008B626B /* ViewController.swift */; };
		63D3F0D81FD0F82F008B626B /* Main.storyboard in Resources */ = {isa = PBXBuildFile; fileRef = 63D3F0D61FD0F82F008B626B /* Main.storyboard */; };
		63D3F0DD1FD0F82F008B626B /* Assets.xcassets in Resources */ = {isa = PBXBuildFile; fileRef = 63D3F0DC1FD0F82F008B626B /* Assets.xcassets */; };
		63D3F0E01FD0F82F008B626B /* LaunchScreen.storyboard in Resources */ = {isa = PBXBuildFile; fileRef = 63D3F0DE1FD0F82F008B626B /* LaunchScreen.storyboard */; };
/* End PBXBuildFile section */

/* Begin PBXFileReference section */
		24D71D5C843D953FC7E49731 /* Pods-GoogleSheetsPOC.debug.xcconfig */ = {isa = PBXFileReference; includeInIndex = 1; lastKnownFileType = text.xcconfig; name = "Pods-GoogleSheetsPOC.debug.xcconfig"; path = "Pods/Target Support Files/Pods-GoogleSheetsPOC/Pods-GoogleSheetsPOC.debug.xcconfig"; sourceTree = "<group>"; };
		63D3F0CF1FD0F82F008B626B /* GoogleSheetsPOC.app */ = {isa = PBXFileReference; explicitFileType = wrapper.application; includeInIndex = 0; path = GoogleSheetsPOC.app; sourceTree = BUILT_PRODUCTS_DIR; };
		63D3F0D21FD0F82F008B626B /* AppDelegate.swift */ = {isa = PBXFileReference; lastKnownFileType = sourcecode.swift; path = AppDelegate.swift; sourceTree = "<group>"; };
		63D3F0D41FD0F82F008B626B /* ViewController.swift */ = {isa = PBXFileReference; lastKnownFileType = sourcecode.swift; path = ViewController.swift; sourceTree = "<group>"; };
		63D3F0D71FD0F82F008B626B /* Base */ = {isa = PBXFileReference; lastKnownFileType = file.storyboard; name = Base; path = Base.lproj/Main.storyboard; sourceTree = "<group>"; };
		63D3F0DC1FD0F82F008B626B /* Assets.xcassets */ = {isa = PBXFileReference; lastKnownFileType = folder.assetcatalog; path = Assets.xcassets; sourceTree = "<group>"; };
		63D3F0DF1FD0F82F008B626B /* Base */ = {isa = PBXFileReference; lastKnownFileType = file.storyboard; name = Base; path = Base.lproj/LaunchScreen.storyboard; sourceTree = "<group>"; };
		63D3F0E11FD0F82F008B626B /* Info.plist */ = {isa = PBXFileReference; lastKnownFileType = text.plist.xml; path = Info.plist; sourceTree = "<group>"; };
		84B64C09573E63696F6F1EE2 /* Pods_GoogleSheetsPOC.framework */ = {isa = PBXFileReference; explicitFileType = wrapper.framework; includeInIndex = 0; path = Pods_GoogleSheetsPOC.framework; sourceTree = BUILT_PRODUCTS_DIR; };
		DD11FE261702E45FCA6C2191 /* Pods-GoogleSheetsPOC.release.xcconfig */ = {isa = PBXFileReference; includeInIndex = 1; lastKnownFileType = text.xcconfig; name = "Pods-GoogleSheetsPOC.release.xcconfig"; path = "Pods/Target Support Files/Pods-GoogleSheetsPOC/Pods-GoogleSheetsPOC.release.xcconfig"; sourceTree = "<group>"; };
/* End PBXFileReference section */

/* Begin PBXFrameworksBuildPhase section */
		63D3F0CC1FD0F82F008B626B /* Frameworks */ = {
			isa = PBXFrameworksBuildPhase;
			buildActionMask = 2147483647;
			files = (
				3757E5745BD7566994F5EBEF /* Pods_GoogleSheetsPOC.framework in Frameworks */,
			);
			runOnlyForDeploymentPostprocessing = 0;
		};
/* End PBXFrameworksBuildPhase section */

/* Begin PBXGroup section */
		63D3F0C61FD0F82F008B626B = {
			isa = PBXGroup;
			children = (
				63D3F0D11FD0F82F008B626B /* GoogleSheetsPOC */,
				63D3F0D01FD0F82F008B626B /* Products */,
				D1912A193DF11F2059288A82 /* Pods */,
				8CAC75189102E1242D90437D /* Frameworks */,
			);
			sourceTree = "<group>";
		};
		63D3F0D01FD0F82F008B626B /* Products */ = {
			isa = PBXGroup;
			children = (
				63D3F0CF1FD0F82F008B626B /* GoogleSheetsPOC.app */,
			);
			name = Products;
			sourceTree = "<group>";
		};
		63D3F0D11FD0F82F008B626B /* GoogleSheetsPOC */ = {
			isa = PBXGroup;
			children = (
				63D3F0D21FD0F82F008B626B /* AppDelegate.swift */,
				63D3F0D41FD0F82F008B626B /* ViewController.swift */,
				63D3F0D61FD0F82F008B626B /* Main.storyboard */,
				63D3F0DC1FD0F82F008B626B /* Assets.xcassets */,
				63D3F0DE1FD0F82F008B626B /* LaunchScreen.storyboard */,
				63D3F0E11FD0F82F008B626B /* Info.plist */,
			);
			path = GoogleSheetsPOC;
			sourceTree = "<group>";
		};
		8CAC75189102E1242D90437D /* Frameworks */ = {
			isa = PBXGroup;
			children = (
				84B64C09573E63696F6F1EE2 /* Pods_GoogleSheetsPOC.framework */,
			);
			name = Frameworks;
			sourceTree = "<group>";
		};
		D1912A193DF11F2059288A82 /* Pods */ = {
			isa = PBXGroup;
			children = (
				24D71D5C843D953FC7E49731 /* Pods-GoogleSheetsPOC.debug.xcconfig */,
				DD11FE261702E45FCA6C2191 /* Pods-GoogleSheetsPOC.release.xcconfig */,
			);
			name = Pods;
			sourceTree = "<group>";
		};
/* End PBXGroup section */

/* Begin PBXNativeTarget section */
		63D3F0CE1FD0F82F008B626B /* GoogleSheetsPOC */ = {
			isa = PBXNativeTarget;
			buildConfigurationList = 63D3F0E41FD0F82F008B626B /* Build configuration list for PBXNativeTarget "GoogleSheetsPOC" */;
			buildPhases = (
				E6583F919CB8650BB6B3DF14 /* [CP] Check Pods Manifest.lock */,
				63D3F0CB1FD0F82F008B626B /* Sources */,
				63D3F0CC1FD0F82F008B626B /* Frameworks */,
				63D3F0CD1FD0F82F008B626B /* Resources */,
				303646FAA5A5D162B2EF4B9D /* [CP] Embed Pods Frameworks */,
				C5C346037CECF573B202FC25 /* [CP] Copy Pods Resources */,
			);
			buildRules = (
			);
			dependencies = (
			);
			name = GoogleSheetsPOC;
			productName = GoogleSheetsPOC;
			productReference = 63D3F0CF1FD0F82F008B626B /* GoogleSheetsPOC.app */;
			productType = "com.apple.product-type.application";
		};
/* End PBXNativeTarget section */

/* Begin PBXProject section */
		63D3F0C71FD0F82F008B626B /* Project object */ = {
			isa = PBXProject;
			attributes = {
				LastSwiftUpdateCheck = 0800;
				LastUpgradeCheck = 0800;
				ORGANIZATIONNAME = Fonts;
				TargetAttributes = {
					63D3F0CE1FD0F82F008B626B = {
						CreatedOnToolsVersion = 8.0;
						DevelopmentTeam = 3597FT9YR3;
						ProvisioningStyle = Automatic;
					};
				};
			};
			buildConfigurationList = 63D3F0CA1FD0F82F008B626B /* Build configuration list for PBXProject "GoogleSheetsPOC" */;
			compatibilityVersion = "Xcode 3.2";
			developmentRegion = English;
			hasScannedForEncodings = 0;
			knownRegions = (
				en,
				Base,
			);
			mainGroup = 63D3F0C61FD0F82F008B626B;
			productRefGroup = 63D3F0D01FD0F82F008B626B /* Products */;
			projectDirPath = "";
			projectRoot = "";
			targets = (
				63D3F0CE1FD0F82F008B626B /* GoogleSheetsPOC */,
			);
		};
/* End PBXProject section */

/* Begin PBXResourcesBuildPhase section */
		63D3F0CD1FD0F82F008B626B /* Resources */ = {
			isa = PBXResourcesBuildPhase;
			buildActionMask = 2147483647;
			files = (
				63D3F0E01FD0F82F008B626B /* LaunchScreen.storyboard in Resources */,
				63D3F0DD1FD0F82F008B626B /* Assets.xcassets in Resources */,
				63D3F0D81FD0F82F008B626B /* Main.storyboard in Resources */,
			);
			runOnlyForDeploymentPostprocessing = 0;
		};
/* End PBXResourcesBuildPhase section */

/* Begin PBXShellScriptBuildPhase section */
		303646FAA5A5D162B2EF4B9D /* [CP] Embed Pods Frameworks */ = {
			isa = PBXShellScriptBuildPhase;
			buildActionMask = 2147483647;
			files = (
			);
			inputPaths = (
				"${SRCROOT}/Pods/Target Support Files/Pods-GoogleSheetsPOC/Pods-GoogleSheetsPOC-frameworks.sh",
				"${BUILT_PRODUCTS_DIR}/GTMOAuth2/GTMOAuth2.framework",
				"${BUILT_PRODUCTS_DIR}/GTMSessionFetcher/GTMSessionFetcher.framework",
				"${BUILT_PRODUCTS_DIR}/GoogleAPIClientForREST/GoogleAPIClientForREST.framework",
				"${BUILT_PRODUCTS_DIR}/GoogleToolboxForMac/GoogleToolboxForMac.framework",
			);
			name = "[CP] Embed Pods Frameworks";
			outputPaths = (
				"${TARGET_BUILD_DIR}/${FRAMEWORKS_FOLDER_PATH}/GTMOAuth2.framework",
				"${TARGET_BUILD_DIR}/${FRAMEWORKS_FOLDER_PATH}/GTMSessionFetcher.framework",
				"${TARGET_BUILD_DIR}/${FRAMEWORKS_FOLDER_PATH}/GoogleAPIClientForREST.framework",
				"${TARGET_BUILD_DIR}/${FRAMEWORKS_FOLDER_PATH}/GoogleToolboxForMac.framework",
			);
			runOnlyForDeploymentPostprocessing = 0;
			shellPath = /bin/sh;
			shellScript = "\"${SRCROOT}/Pods/Target Support Files/Pods-GoogleSheetsPOC/Pods-GoogleSheetsPOC-frameworks.sh\"\n";
			showEnvVarsInLog = 0;
		};
		C5C346037CECF573B202FC25 /* [CP] Copy Pods Resources */ = {
			isa = PBXShellScriptBuildPhase;
			buildActionMask = 2147483647;
			files = (
			);
			inputPaths = (
				"${SRCROOT}/Pods/Target Support Files/Pods-GoogleSheetsPOC/Pods-GoogleSheetsPOC-resources.sh",
				"${PODS_ROOT}/GoogleSignIn/Resources/GoogleSignIn.bundle",
			);
			name = "[CP] Copy Pods Resources";
			outputPaths = (
				"${TARGET_BUILD_DIR}/${UNLOCALIZED_RESOURCES_FOLDER_PATH}",
			);
			runOnlyForDeploymentPostprocessing = 0;
			shellPath = /bin/sh;
			shellScript = "\"${SRCROOT}/Pods/Target Support Files/Pods-GoogleSheetsPOC/Pods-GoogleSheetsPOC-resources.sh\"\n";
			showEnvVarsInLog = 0;
		};
		E6583F919CB8650BB6B3DF14 /* [CP] Check Pods Manifest.lock */ = {
			isa = PBXShellScriptBuildPhase;
			buildActionMask = 2147483647;
			files = (
			);
			inputPaths = (
				"${PODS_PODFILE_DIR_PATH}/Podfile.lock",
				"${PODS_ROOT}/Manifest.lock",
			);
			name = "[CP] Check Pods Manifest.lock";
			outputPaths = (
				"$(DERIVED_FILE_DIR)/Pods-GoogleSheetsPOC-checkManifestLockResult.txt",
			);
			runOnlyForDeploymentPostprocessing = 0;
			shellPath = /bin/sh;
			shellScript = "diff \"${PODS_PODFILE_DIR_PATH}/Podfile.lock\" \"${PODS_ROOT}/Manifest.lock\" > /dev/null\nif [ $? != 0 ] ; then\n    # print error to STDERR\n    echo \"error: The sandbox is not in sync with the Podfile.lock. Run 'pod install' or update your CocoaPods installation.\" >&2\n    exit 1\nfi\n# This output is used by Xcode 'outputs' to avoid re-running this script phase.\necho \"SUCCESS\" > \"${SCRIPT_OUTPUT_FILE_0}\"\n";
			showEnvVarsInLog = 0;
		};
/* End PBXShellScriptBuildPhase section */

/* Begin PBXSourcesBuildPhase section */
		63D3F0CB1FD0F82F008B626B /* Sources */ = {
			isa = PBXSourcesBuildPhase;
			buildActionMask = 2147483647;
			files = (
				63D3F0D51FD0F82F008B626B /* ViewController.swift in Sources */,
				63D3F0D31FD0F82F008B626B /* AppDelegate.swift in Sources */,
			);
			runOnlyForDeploymentPostprocessing = 0;
		};
/* End PBXSourcesBuildPhase section */

/* Begin PBXVariantGroup section */
		63D3F0D61FD0F82F008B626B /* Main.storyboard */ = {
			isa = PBXVariantGroup;
			children = (
				63D3F0D71FD0F82F008B626B /* Base */,
			);
			name = Main.storyboard;
			sourceTree = "<group>";
		};
		63D3F0DE1FD0F82F008B626B /* LaunchScreen.storyboard */ = {
			isa = PBXVariantGroup;
			children = (
				63D3F0DF1FD0F82F008B626B /* Base */,
			);
			name = LaunchScreen.storyboard;
			sourceTree = "<group>";
		};
/* End PBXVariantGroup section */

/* Begin XCBuildConfiguration section */
		63D3F0E21FD0F82F008B626B /* Debug */ = {
			isa = XCBuildConfiguration;
			buildSettings = {
				ALWAYS_SEARCH_USER_PATHS = NO;
				CLANG_ANALYZER_NONNULL = YES;
				CLANG_CXX_LANGUAGE_STANDARD = "gnu++0x";
				CLANG_CXX_LIBRARY = "libc++";
				CLANG_ENABLE_MODULES = YES;
				CLANG_ENABLE_OBJC_ARC = YES;
				CLANG_WARN_BOOL_CONVERSION = YES;
				CLANG_WARN_CONSTANT_CONVERSION = YES;
				CLANG_WARN_DIRECT_OBJC_ISA_USAGE = YES_ERROR;
				CLANG_WARN_DOCUMENTATION_COMMENTS = YES;
				CLANG_WARN_EMPTY_BODY = YES;
				CLANG_WARN_ENUM_CONVERSION = YES;
				CLANG_WARN_INFINITE_RECURSION = YES;
				CLANG_WARN_INT_CONVERSION = YES;
				CLANG_WARN_OBJC_ROOT_CLASS = YES_ERROR;
				CLANG_WARN_SUSPICIOUS_MOVES = YES;
				CLANG_WARN_UNREACHABLE_CODE = YES;
				CLANG_WARN__DUPLICATE_METHOD_MATCH = YES;
				"CODE_SIGN_IDENTITY[sdk=iphoneos*]" = "iPhone Developer";
				COPY_PHASE_STRIP = NO;
				DEBUG_INFORMATION_FORMAT = dwarf;
				ENABLE_STRICT_OBJC_MSGSEND = YES;
				ENABLE_TESTABILITY = YES;
				GCC_C_LANGUAGE_STANDARD = gnu99;
				GCC_DYNAMIC_NO_PIC = NO;
				GCC_NO_COMMON_BLOCKS = YES;
				GCC_OPTIMIZATION_LEVEL = 0;
				GCC_PREPROCESSOR_DEFINITIONS = (
					"DEBUG=1",
					"$(inherited)",
				);
				GCC_WARN_64_TO_32_BIT_CONVERSION = YES;
				GCC_WARN_ABOUT_RETURN_TYPE = YES_ERROR;
				GCC_WARN_UNDECLARED_SELECTOR = YES;
				GCC_WARN_UNINITIALIZED_AUTOS = YES_AGGRESSIVE;
				GCC_WARN_UNUSED_FUNCTION = YES;
				GCC_WARN_UNUSED_VARIABLE = YES;
				IPHONEOS_DEPLOYMENT_TARGET = 9.0;
				MTL_ENABLE_DEBUG_INFO = YES;
				ONLY_ACTIVE_ARCH = YES;
				SDKROOT = iphoneos;
				SWIFT_ACTIVE_COMPILATION_CONDITIONS = DEBUG;
				SWIFT_OPTIMIZATION_LEVEL = "-Onone";
				TARGETED_DEVICE_FAMILY = "1,2";
			};
			name = Debug;
		};
		63D3F0E31FD0F82F008B626B /* Release */ = {
			isa = XCBuildConfiguration;
			buildSettings = {
				ALWAYS_SEARCH_USER_PATHS = NO;
				CLANG_ANALYZER_NONNULL = YES;
				CLANG_CXX_LANGUAGE_STANDARD = "gnu++0x";
				CLANG_CXX_LIBRARY = "libc++";
				CLANG_ENABLE_MODULES = YES;
				CLANG_ENABLE_OBJC_ARC = YES;
				CLANG_WARN_BOOL_CONVERSION = YES;
				CLANG_WARN_CONSTANT_CONVERSION = YES;
				CLANG_WARN_DIRECT_OBJC_ISA_USAGE = YES_ERROR;
				CLANG_WARN_DOCUMENTATION_COMMENTS = YES;
				CLANG_WARN_EMPTY_BODY = YES;
				CLANG_WARN_ENUM_CONVERSION = YES;
				CLANG_WARN_INFINITE_RECURSION = YES;
				CLANG_WARN_INT_CONVERSION = YES;
				CLANG_WARN_OBJC_ROOT_CLASS = YES_ERROR;
				CLANG_WARN_SUSPICIOUS_MOVES = YES;
				CLANG_WARN_UNREACHABLE_CODE = YES;
				CLANG_WARN__DUPLICATE_METHOD_MATCH = YES;
				"CODE_SIGN_IDENTITY[sdk=iphoneos*]" = "iPhone Developer";
				COPY_PHASE_STRIP = NO;
				DEBUG_INFORMATION_FORMAT = "dwarf-with-dsym";
				ENABLE_NS_ASSERTIONS = NO;
				ENABLE_STRICT_OBJC_MSGSEND = YES;
				GCC_C_LANGUAGE_STANDARD = gnu99;
				GCC_NO_COMMON_BLOCKS = YES;
				GCC_WARN_64_TO_32_BIT_CONVERSION = YES;
				GCC_WARN_ABOUT_RETURN_TYPE = YES_ERROR;
				GCC_WARN_UNDECLARED_SELECTOR = YES;
				GCC_WARN_UNINITIALIZED_AUTOS = YES_AGGRESSIVE;
				GCC_WARN_UNUSED_FUNCTION = YES;
				GCC_WARN_UNUSED_VARIABLE = YES;
				IPHONEOS_DEPLOYMENT_TARGET = 9.0;
				MTL_ENABLE_DEBUG_INFO = NO;
				SDKROOT = iphoneos;
				SWIFT_OPTIMIZATION_LEVEL = "-Owholemodule";
				TARGETED_DEVICE_FAMILY = "1,2";
				VALIDATE_PRODUCT = YES;
			};
			name = Release;
		};
		63D3F0E51FD0F82F008B626B /* Debug */ = {
			isa = XCBuildConfiguration;
			baseConfigurationReference = 24D71D5C843D953FC7E49731 /* Pods-GoogleSheetsPOC.debug.xcconfig */;
			buildSettings = {
				ASSETCATALOG_COMPILER_APPICON_NAME = AppIcon;
				DEVELOPMENT_TEAM = 3597FT9YR3;
				INFOPLIST_FILE = GoogleSheetsPOC/Info.plist;
				LD_RUNPATH_SEARCH_PATHS = "$(inherited) @executable_path/Frameworks";
				PRODUCT_BUNDLE_IDENTIFIER = com.Fonts.GoogleSheetsPOC;
				PRODUCT_NAME = "$(TARGET_NAME)";
				SWIFT_VERSION = 3.0;
			};
			name = Debug;
		};
		63D3F0E61FD0F82F008B626B /* Release */ = {
			isa = XCBuildConfiguration;
			baseConfigurationReference = DD11FE261702E45FCA6C2191 /* Pods-GoogleSheetsPOC.release.xcconfig */;
			buildSettings = {
				ASSETCATALOG_COMPILER_APPICON_NAME = AppIcon;
				DEVELOPMENT_TEAM = 3597FT9YR3;
				INFOPLIST_FILE = GoogleSheetsPOC/Info.plist;
				LD_RUNPATH_SEARCH_PATHS = "$(inherited) @executable_path/Frameworks";
				PRODUCT_BUNDLE_IDENTIFIER = com.Fonts.GoogleSheetsPOC;
				PRODUCT_NAME = "$(TARGET_NAME)";
				SWIFT_VERSION = 3.0;
			};
			name = Release;
		};
/* End XCBuildConfiguration section */

/* Begin XCConfigurationList section */
		63D3F0CA1FD0F82F008B626B /* Build configuration list for PBXProject "GoogleSheetsPOC" */ = {
			isa = XCConfigurationList;
			buildConfigurations = (
				63D3F0E21FD0F82F008B626B /* Debug */,
				63D3F0E31FD0F82F008B626B /* Release */,
			);
			defaultConfigurationIsVisible = 0;
			defaultConfigurationName = Release;
		};
		63D3F0E41FD0F82F008B626B /* Build configuration list for PBXNativeTarget "GoogleSheetsPOC" */ = {
			isa = XCConfigurationList;
			buildConfigurations = (
				63D3F0E51FD0F82F008B626B /* Debug */,
				63D3F0E61FD0F82F008B626B /* Release */,
			);
			defaultConfigurationIsVisible = 0;
			defaultConfigurationName = Release;
		};
/* End XCConfigurationList section */
	};
	rootObject = 63D3F0C71FD0F82F008B626B /* Project object */;
}
