// !$*UTF8*$!
{
	archiveVersion = 1;
	classes = {
	};
	objectVersion = 46;
	objects = {

/* Begin PBXBuildFile section */
		232467532006F78C00275802 /* MainViewController.swift in Sources */ = {isa = PBXBuildFile; fileRef = 232467522006F78C00275802 /* MainViewController.swift */; };
		232488C120152BA800C597C3 /* ProgressView.swift in Sources */ = {isa = PBXBuildFile; fileRef = 232488C020152BA800C597C3 /* ProgressView.swift */; };
		23489F9E2016BD20003C06E0 /* SaveManager.swift in Sources */ = {isa = PBXBuildFile; fileRef = 23489F9D2016BD20003C06E0 /* SaveManager.swift */; };
		239BD5042054833D0037548E /* ErrorsEnum.swift in Sources */ = {isa = PBXBuildFile; fileRef = 239BD5032054833D0037548E /* ErrorsEnum.swift */; };
		23E15212201D045F0045AA5F /* GoogleSheetsService.swift in Sources */ = {isa = PBXBuildFile; fileRef = 23E15211201D045F0045AA5F /* GoogleSheetsService.swift */; };
		631F89541FDDE18500D6A03F /* SetSheetViewController.swift in Sources */ = {isa = PBXBuildFile; fileRef = 631F89521FDDE18500D6A03F /* SetSheetViewController.swift */; };
		631F89551FDDE18500D6A03F /* SetSheetViewController.xib in Resources */ = {isa = PBXBuildFile; fileRef = 631F89531FDDE18500D6A03F /* SetSheetViewController.xib */; };
		631F895A1FDDE94900D6A03F /* ViewExtensions.swift in Sources */ = {isa = PBXBuildFile; fileRef = 631F89591FDDE94900D6A03F /* ViewExtensions.swift */; };
		63C857991FD36F5E00A07806 /* GoogleService-Info.plist in Resources */ = {isa = PBXBuildFile; fileRef = 63C857981FD36F5E00A07806 /* GoogleService-Info.plist */; };
		63D3F0D31FD0F82F008B626B /* AppDelegate.swift in Sources */ = {isa = PBXBuildFile; fileRef = 63D3F0D21FD0F82F008B626B /* AppDelegate.swift */; };
		63D3F0D81FD0F82F008B626B /* Main.storyboard in Resources */ = {isa = PBXBuildFile; fileRef = 63D3F0D61FD0F82F008B626B /* Main.storyboard */; };
		63D3F0DD1FD0F82F008B626B /* Assets.xcassets in Resources */ = {isa = PBXBuildFile; fileRef = 63D3F0DC1FD0F82F008B626B /* Assets.xcassets */; };
		63D3F0E01FD0F82F008B626B /* LaunchScreen.storyboard in Resources */ = {isa = PBXBuildFile; fileRef = 63D3F0DE1FD0F82F008B626B /* LaunchScreen.storyboard */; };
		63F6DFBF1FDF513D00F3AC11 /* Localizable.strings in Resources */ = {isa = PBXBuildFile; fileRef = 63F6DFC11FDF513D00F3AC11 /* Localizable.strings */; };
		63FE5B661FDDD48000904660 /* Constants.swift in Sources */ = {isa = PBXBuildFile; fileRef = 63FE5B651FDDD48000904660 /* Constants.swift */; };
		8FF6449FFF184BAEC0229F76 /* Pods_GoogleSheetsPOC.framework in Frameworks */ = {isa = PBXBuildFile; fileRef = C57002EC994A66395A9A9C31 /* Pods_GoogleSheetsPOC.framework */; };
/* End PBXBuildFile section */

/* Begin PBXFileReference section */
		17E62A00A58D45FAF4DB0AB5 /* Pods-GoogleSheetsPOC.debug.xcconfig */ = {isa = PBXFileReference; includeInIndex = 1; lastKnownFileType = text.xcconfig; name = "Pods-GoogleSheetsPOC.debug.xcconfig"; path = "Pods/Target Support Files/Pods-GoogleSheetsPOC/Pods-GoogleSheetsPOC.debug.xcconfig"; sourceTree = "<group>"; };
		232467522006F78C00275802 /* MainViewController.swift */ = {isa = PBXFileReference; lastKnownFileType = sourcecode.swift; path = MainViewController.swift; sourceTree = "<group>"; };
		232488C020152BA800C597C3 /* ProgressView.swift */ = {isa = PBXFileReference; lastKnownFileType = sourcecode.swift; path = ProgressView.swift; sourceTree = "<group>"; };
		23489F9D2016BD20003C06E0 /* SaveManager.swift */ = {isa = PBXFileReference; lastKnownFileType = sourcecode.swift; path = SaveManager.swift; sourceTree = "<group>"; };
		239BD5032054833D0037548E /* ErrorsEnum.swift */ = {isa = PBXFileReference; lastKnownFileType = sourcecode.swift; name = ErrorsEnum.swift; path = Tools/ErrorsEnum.swift; sourceTree = "<group>"; };
		23E15211201D045F0045AA5F /* GoogleSheetsService.swift */ = {isa = PBXFileReference; lastKnownFileType = sourcecode.swift; path = GoogleSheetsService.swift; sourceTree = "<group>"; };
		61BCF6292F89A16C7AC8867A /* Pods-GoogleSheetsPOC.release.xcconfig */ = {isa = PBXFileReference; includeInIndex = 1; lastKnownFileType = text.xcconfig; name = "Pods-GoogleSheetsPOC.release.xcconfig"; path = "Pods/Target Support Files/Pods-GoogleSheetsPOC/Pods-GoogleSheetsPOC.release.xcconfig"; sourceTree = "<group>"; };
		631F89521FDDE18500D6A03F /* SetSheetViewController.swift */ = {isa = PBXFileReference; fileEncoding = 4; lastKnownFileType = sourcecode.swift; path = SetSheetViewController.swift; sourceTree = "<group>"; };
		631F89531FDDE18500D6A03F /* SetSheetViewController.xib */ = {isa = PBXFileReference; fileEncoding = 4; lastKnownFileType = file.xib; path = SetSheetViewController.xib; sourceTree = "<group>"; };
		631F89591FDDE94900D6A03F /* ViewExtensions.swift */ = {isa = PBXFileReference; fileEncoding = 4; lastKnownFileType = sourcecode.swift; name = ViewExtensions.swift; path = Tools/ViewExtensions.swift; sourceTree = "<group>"; };
		63C857981FD36F5E00A07806 /* GoogleService-Info.plist */ = {isa = PBXFileReference; fileEncoding = 4; lastKnownFileType = text.plist.xml; path = "GoogleService-Info.plist"; sourceTree = "<group>"; };
		63D3F0CF1FD0F82F008B626B /* GoogleSheetsPOC.app */ = {isa = PBXFileReference; explicitFileType = wrapper.application; includeInIndex = 0; path = GoogleSheetsPOC.app; sourceTree = BUILT_PRODUCTS_DIR; };
		63D3F0D21FD0F82F008B626B /* AppDelegate.swift */ = {isa = PBXFileReference; lastKnownFileType = sourcecode.swift; path = AppDelegate.swift; sourceTree = "<group>"; };
		63D3F0D71FD0F82F008B626B /* Base */ = {isa = PBXFileReference; lastKnownFileType = file.storyboard; name = Base; path = Base.lproj/Main.storyboard; sourceTree = "<group>"; };
		63D3F0DC1FD0F82F008B626B /* Assets.xcassets */ = {isa = PBXFileReference; lastKnownFileType = folder.assetcatalog; path = Assets.xcassets; sourceTree = "<group>"; };
		63D3F0DF1FD0F82F008B626B /* Base */ = {isa = PBXFileReference; lastKnownFileType = file.storyboard; name = Base; path = Base.lproj/LaunchScreen.storyboard; sourceTree = "<group>"; };
		63D3F0E11FD0F82F008B626B /* Info.plist */ = {isa = PBXFileReference; lastKnownFileType = text.plist.xml; path = Info.plist; sourceTree = "<group>"; };
		63F6DFC01FDF513D00F3AC11 /* Base */ = {isa = PBXFileReference; lastKnownFileType = text.plist.strings; name = Base; path = Base.lproj/Localizable.strings; sourceTree = "<group>"; };
		63F6DFC21FDF514300F3AC11 /* en */ = {isa = PBXFileReference; lastKnownFileType = text.plist.strings; name = en; path = en.lproj/Localizable.strings; sourceTree = "<group>"; };
		63FE5B651FDDD48000904660 /* Constants.swift */ = {isa = PBXFileReference; fileEncoding = 4; lastKnownFileType = sourcecode.swift; name = Constants.swift; path = Tools/Constants.swift; sourceTree = "<group>"; };
		C57002EC994A66395A9A9C31 /* Pods_GoogleSheetsPOC.framework */ = {isa = PBXFileReference; explicitFileType = wrapper.framework; includeInIndex = 0; path = Pods_GoogleSheetsPOC.framework; sourceTree = BUILT_PRODUCTS_DIR; };
/* End PBXFileReference section */

/* Begin PBXFrameworksBuildPhase section */
		63D3F0CC1FD0F82F008B626B /* Frameworks */ = {
			isa = PBXFrameworksBuildPhase;
			buildActionMask = 2147483647;
			files = (
				8FF6449FFF184BAEC0229F76 /* Pods_GoogleSheetsPOC.framework in Frameworks */,
			);
			runOnlyForDeploymentPostprocessing = 0;
		};
/* End PBXFrameworksBuildPhase section */

/* Begin PBXGroup section */
		23137FCE205578F80030AA5C /* Models */ = {
			isa = PBXGroup;
			children = (
			);
			path = Models;
			sourceTree = "<group>";
		};
		23137FD0205579710030AA5C /* Controllers */ = {
			isa = PBXGroup;
			children = (
				631F89521FDDE18500D6A03F /* SetSheetViewController.swift */,
				232467522006F78C00275802 /* MainViewController.swift */,
			);
			path = Controllers;
			sourceTree = "<group>";
		};
		23137FD120557A800030AA5C /* Services */ = {
			isa = PBXGroup;
			children = (
				23E15211201D045F0045AA5F /* GoogleSheetsService.swift */,
			);
			path = Services;
			sourceTree = "<group>";
		};
		23137FD320557AA80030AA5C /* Views */ = {
			isa = PBXGroup;
			children = (
				63D3F0D61FD0F82F008B626B /* Main.storyboard */,
				631F89531FDDE18500D6A03F /* SetSheetViewController.xib */,
				63D3F0DE1FD0F82F008B626B /* LaunchScreen.storyboard */,
			);
			path = Views;
			sourceTree = "<group>";
		};
		23137FD420557AB80030AA5C /* Tools */ = {
			isa = PBXGroup;
			children = (
				232488C020152BA800C597C3 /* ProgressView.swift */,
				23489F9D2016BD20003C06E0 /* SaveManager.swift */,
				239BD5022054831C0037548E /* Errors */,
				631F89581FDDE87C00D6A03F /* Extensions */,
				63FE5B641FDDD46200904660 /* Constants */,
			);
			path = Tools;
			sourceTree = "<group>";
		};
		239BD5022054831C0037548E /* Errors */ = {
			isa = PBXGroup;
			children = (
				239BD5032054833D0037548E /* ErrorsEnum.swift */,
			);
			name = Errors;
			path = ..;
			sourceTree = "<group>";
		};
		631F89581FDDE87C00D6A03F /* Extensions */ = {
			isa = PBXGroup;
			children = (
				631F89591FDDE94900D6A03F /* ViewExtensions.swift */,
			);
			name = Extensions;
			path = ..;
			sourceTree = "<group>";
		};
		63D3F0C61FD0F82F008B626B = {
			isa = PBXGroup;
			children = (
				63D3F0D11FD0F82F008B626B /* GoogleSheetsPOC */,
				63D3F0D01FD0F82F008B626B /* Products */,
				925BCEA3A74C7C619F547C9D /* Pods */,
				CA8C586F4FEAF75E09288D89 /* Frameworks */,
			);
			sourceTree = "<group>";
		};
		63D3F0D01FD0F82F008B626B /* Products */ = {
			isa = PBXGroup;
			children = (
				63D3F0CF1FD0F82F008B626B /* GoogleSheetsPOC.app */,
			);
			name = Products;
			sourceTree = "<group>";
		};
		63D3F0D11FD0F82F008B626B /* GoogleSheetsPOC */ = {
			isa = PBXGroup;
			children = (
				23137FD420557AB80030AA5C /* Tools */,
				23137FD320557AA80030AA5C /* Views */,
				23137FD120557A800030AA5C /* Services */,
				23137FD0205579710030AA5C /* Controllers */,
				23137FCE205578F80030AA5C /* Models */,
				63FE5B611FDDD3D000904660 /* Resources */,
				63D3F0D21FD0F82F008B626B /* AppDelegate.swift */,
				63C857981FD36F5E00A07806 /* GoogleService-Info.plist */,
				63D3F0E11FD0F82F008B626B /* Info.plist */,
			);
			path = GoogleSheetsPOC;
			sourceTree = "<group>";
		};
		63FE5B611FDDD3D000904660 /* Resources */ = {
			isa = PBXGroup;
			children = (
				63D3F0DC1FD0F82F008B626B /* Assets.xcassets */,
				63F6DFC11FDF513D00F3AC11 /* Localizable.strings */,
			);
			name = Resources;
			sourceTree = "<group>";
		};
		63FE5B641FDDD46200904660 /* Constants */ = {
			isa = PBXGroup;
			children = (
				63FE5B651FDDD48000904660 /* Constants.swift */,
			);
			name = Constants;
			path = ..;
			sourceTree = "<group>";
		};
		925BCEA3A74C7C619F547C9D /* Pods */ = {
			isa = PBXGroup;
			children = (
				17E62A00A58D45FAF4DB0AB5 /* Pods-GoogleSheetsPOC.debug.xcconfig */,
				61BCF6292F89A16C7AC8867A /* Pods-GoogleSheetsPOC.release.xcconfig */,
			);
			name = Pods;
			sourceTree = "<group>";
		};
		CA8C586F4FEAF75E09288D89 /* Frameworks */ = {
			isa = PBXGroup;
			children = (
				C57002EC994A66395A9A9C31 /* Pods_GoogleSheetsPOC.framework */,
			);
			name = Frameworks;
			sourceTree = "<group>";
		};
/* End PBXGroup section */

/* Begin PBXNativeTarget section */
		63D3F0CE1FD0F82F008B626B /* GoogleSheetsPOC */ = {
			isa = PBXNativeTarget;
			buildConfigurationList = 63D3F0E41FD0F82F008B626B /* Build configuration list for PBXNativeTarget "GoogleSheetsPOC" */;
			buildPhases = (
				5B5F42A536231C7A0D24A1D2 /* [CP] Check Pods Manifest.lock */,
				63D3F0CB1FD0F82F008B626B /* Sources */,
				63D3F0CC1FD0F82F008B626B /* Frameworks */,
				63D3F0CD1FD0F82F008B626B /* Resources */,
				6391AA721FD8D81000E50D92 /* ShellScript */,
				30832CF37A5AD2E1E0DCACA0 /* [CP] Embed Pods Frameworks */,
				07B9DB1233757894F86295F0 /* [CP] Copy Pods Resources */,
			);
			buildRules = (
			);
			dependencies = (
			);
			name = GoogleSheetsPOC;
			productName = GoogleSheetsPOC;
			productReference = 63D3F0CF1FD0F82F008B626B /* GoogleSheetsPOC.app */;
			productType = "com.apple.product-type.application";
		};
/* End PBXNativeTarget section */

/* Begin PBXProject section */
		63D3F0C71FD0F82F008B626B /* Project object */ = {
			isa = PBXProject;
			attributes = {
				LastSwiftUpdateCheck = 0800;
				LastUpgradeCheck = 0920;
				ORGANIZATIONNAME = Fonts;
				TargetAttributes = {
					63D3F0CE1FD0F82F008B626B = {
						CreatedOnToolsVersion = 8.0;
						DevelopmentTeam = 3597FT9YR3;
						LastSwiftMigration = 0920;
						ProvisioningStyle = Automatic;
					};
				};
			};
			buildConfigurationList = 63D3F0CA1FD0F82F008B626B /* Build configuration list for PBXProject "GoogleSheetsPOC" */;
			compatibilityVersion = "Xcode 3.2";
			developmentRegion = English;
			hasScannedForEncodings = 0;
			knownRegions = (
				en,
				Base,
			);
			mainGroup = 63D3F0C61FD0F82F008B626B;
			productRefGroup = 63D3F0D01FD0F82F008B626B /* Products */;
			projectDirPath = "";
			projectRoot = "";
			targets = (
				63D3F0CE1FD0F82F008B626B /* GoogleSheetsPOC */,
			);
		};
/* End PBXProject section */

/* Begin PBXResourcesBuildPhase section */
		63D3F0CD1FD0F82F008B626B /* Resources */ = {
			isa = PBXResourcesBuildPhase;
			buildActionMask = 2147483647;
			files = (
				63D3F0E01FD0F82F008B626B /* LaunchScreen.storyboard in Resources */,
				631F89551FDDE18500D6A03F /* SetSheetViewController.xib in Resources */,
				63F6DFBF1FDF513D00F3AC11 /* Localizable.strings in Resources */,
				63C857991FD36F5E00A07806 /* GoogleService-Info.plist in Resources */,
				63D3F0DD1FD0F82F008B626B /* Assets.xcassets in Resources */,
				63D3F0D81FD0F82F008B626B /* Main.storyboard in Resources */,
			);
			runOnlyForDeploymentPostprocessing = 0;
		};
/* End PBXResourcesBuildPhase section */

/* Begin PBXShellScriptBuildPhase section */
		07B9DB1233757894F86295F0 /* [CP] Copy Pods Resources */ = {
			isa = PBXShellScriptBuildPhase;
			buildActionMask = 2147483647;
			files = (
			);
			inputPaths = (
				"${SRCROOT}/Pods/Target Support Files/Pods-GoogleSheetsPOC/Pods-GoogleSheetsPOC-resources.sh",
				"${PODS_ROOT}/GoogleSignIn/Resources/GoogleSignIn.bundle",
			);
			name = "[CP] Copy Pods Resources";
			outputPaths = (
				"${TARGET_BUILD_DIR}/${UNLOCALIZED_RESOURCES_FOLDER_PATH}",
			);
			runOnlyForDeploymentPostprocessing = 0;
			shellPath = /bin/sh;
			shellScript = "\"${SRCROOT}/Pods/Target Support Files/Pods-GoogleSheetsPOC/Pods-GoogleSheetsPOC-resources.sh\"\n";
			showEnvVarsInLog = 0;
		};
		30832CF37A5AD2E1E0DCACA0 /* [CP] Embed Pods Frameworks */ = {
			isa = PBXShellScriptBuildPhase;
			buildActionMask = 2147483647;
			files = (
			);
			inputPaths = (
				"${SRCROOT}/Pods/Target Support Files/Pods-GoogleSheetsPOC/Pods-GoogleSheetsPOC-frameworks.sh",
				"${BUILT_PRODUCTS_DIR}/GTMOAuth2/GTMOAuth2.framework",
				"${BUILT_PRODUCTS_DIR}/GTMSessionFetcher/GTMSessionFetcher.framework",
				"${BUILT_PRODUCTS_DIR}/GoogleAPIClientForREST/GoogleAPIClientForREST.framework",
				"${BUILT_PRODUCTS_DIR}/GoogleToolboxForMac/GoogleToolboxForMac.framework",
				"${BUILT_PRODUCTS_DIR}/PromiseKit/PromiseKit.framework",
				"${BUILT_PRODUCTS_DIR}/SwiftyBeaver/SwiftyBeaver.framework",
				"${BUILT_PRODUCTS_DIR}/SwiftyJSON/SwiftyJSON.framework",
			);
			name = "[CP] Embed Pods Frameworks";
			outputPaths = (
				"${TARGET_BUILD_DIR}/${FRAMEWORKS_FOLDER_PATH}/GTMOAuth2.framework",
				"${TARGET_BUILD_DIR}/${FRAMEWORKS_FOLDER_PATH}/GTMSessionFetcher.framework",
				"${TARGET_BUILD_DIR}/${FRAMEWORKS_FOLDER_PATH}/GoogleAPIClientForREST.framework",
				"${TARGET_BUILD_DIR}/${FRAMEWORKS_FOLDER_PATH}/GoogleToolboxForMac.framework",
				"${TARGET_BUILD_DIR}/${FRAMEWORKS_FOLDER_PATH}/PromiseKit.framework",
				"${TARGET_BUILD_DIR}/${FRAMEWORKS_FOLDER_PATH}/SwiftyBeaver.framework",
				"${TARGET_BUILD_DIR}/${FRAMEWORKS_FOLDER_PATH}/SwiftyJSON.framework",
			);
			runOnlyForDeploymentPostprocessing = 0;
			shellPath = /bin/sh;
			shellScript = "\"${SRCROOT}/Pods/Target Support Files/Pods-GoogleSheetsPOC/Pods-GoogleSheetsPOC-frameworks.sh\"\n";
			showEnvVarsInLog = 0;
		};
		5B5F42A536231C7A0D24A1D2 /* [CP] Check Pods Manifest.lock */ = {
			isa = PBXShellScriptBuildPhase;
			buildActionMask = 2147483647;
			files = (
			);
			inputPaths = (
				"${PODS_PODFILE_DIR_PATH}/Podfile.lock",
				"${PODS_ROOT}/Manifest.lock",
			);
			name = "[CP] Check Pods Manifest.lock";
			outputPaths = (
				"$(DERIVED_FILE_DIR)/Pods-GoogleSheetsPOC-checkManifestLockResult.txt",
			);
			runOnlyForDeploymentPostprocessing = 0;
			shellPath = /bin/sh;
			shellScript = "diff \"${PODS_PODFILE_DIR_PATH}/Podfile.lock\" \"${PODS_ROOT}/Manifest.lock\" > /dev/null\nif [ $? != 0 ] ; then\n    # print error to STDERR\n    echo \"error: The sandbox is not in sync with the Podfile.lock. Run 'pod install' or update your CocoaPods installation.\" >&2\n    exit 1\nfi\n# This output is used by Xcode 'outputs' to avoid re-running this script phase.\necho \"SUCCESS\" > \"${SCRIPT_OUTPUT_FILE_0}\"\n";
			showEnvVarsInLog = 0;
		};
		6391AA721FD8D81000E50D92 /* ShellScript */ = {
			isa = PBXShellScriptBuildPhase;
			buildActionMask = 2147483647;
			files = (
			);
			inputPaths = (
			);
			outputPaths = (
			);
			runOnlyForDeploymentPostprocessing = 0;
			shellPath = /bin/sh;
			shellScript = "\"${PODS_ROOT}/SwiftLint/swiftlint\"";
		};
/* End PBXShellScriptBuildPhase section */

/* Begin PBXSourcesBuildPhase section */
		63D3F0CB1FD0F82F008B626B /* Sources */ = {
			isa = PBXSourcesBuildPhase;
			buildActionMask = 2147483647;
			files = (
				239BD5042054833D0037548E /* ErrorsEnum.swift in Sources */,
				63D3F0D31FD0F82F008B626B /* AppDelegate.swift in Sources */,
				63FE5B661FDDD48000904660 /* Constants.swift in Sources */,
				631F895A1FDDE94900D6A03F /* ViewExtensions.swift in Sources */,
				631F89541FDDE18500D6A03F /* SetSheetViewController.swift in Sources */,
				23E15212201D045F0045AA5F /* GoogleSheetsService.swift in Sources */,
				23489F9E2016BD20003C06E0 /* SaveManager.swift in Sources */,
				232488C120152BA800C597C3 /* ProgressView.swift in Sources */,
				232467532006F78C00275802 /* MainViewController.swift in Sources */,
			);
			runOnlyForDeploymentPostprocessing = 0;
		};
/* End PBXSourcesBuildPhase section */

/* Begin PBXVariantGroup section */
		63D3F0D61FD0F82F008B626B /* Main.storyboard */ = {
			isa = PBXVariantGroup;
			children = (
				63D3F0D71FD0F82F008B626B /* Base */,
			);
			name = Main.storyboard;
			sourceTree = "<group>";
		};
		63D3F0DE1FD0F82F008B626B /* LaunchScreen.storyboard */ = {
			isa = PBXVariantGroup;
			children = (
				63D3F0DF1FD0F82F008B626B /* Base */,
			);
			name = LaunchScreen.storyboard;
			sourceTree = "<group>";
		};
		63F6DFC11FDF513D00F3AC11 /* Localizable.strings */ = {
			isa = PBXVariantGroup;
			children = (
				63F6DFC01FDF513D00F3AC11 /* Base */,
				63F6DFC21FDF514300F3AC11 /* en */,
			);
			name = Localizable.strings;
			path = Assets.xcassets;
			sourceTree = "<group>";
		};
/* End PBXVariantGroup section */

/* Begin XCBuildConfiguration section */
		63D3F0E21FD0F82F008B626B /* Debug */ = {
			isa = XCBuildConfiguration;
			buildSettings = {
				ALWAYS_SEARCH_USER_PATHS = NO;
				CLANG_ANALYZER_NONNULL = YES;
				CLANG_CXX_LANGUAGE_STANDARD = "gnu++0x";
				CLANG_CXX_LIBRARY = "libc++";
				CLANG_ENABLE_MODULES = YES;
				CLANG_ENABLE_OBJC_ARC = YES;
				CLANG_WARN_BLOCK_CAPTURE_AUTORELEASING = YES;
				CLANG_WARN_BOOL_CONVERSION = YES;
				CLANG_WARN_COMMA = YES;
				CLANG_WARN_CONSTANT_CONVERSION = YES;
				CLANG_WARN_DIRECT_OBJC_ISA_USAGE = YES_ERROR;
				CLANG_WARN_DOCUMENTATION_COMMENTS = YES;
				CLANG_WARN_EMPTY_BODY = YES;
				CLANG_WARN_ENUM_CONVERSION = YES;
				CLANG_WARN_INFINITE_RECURSION = YES;
				CLANG_WARN_INT_CONVERSION = YES;
				CLANG_WARN_NON_LITERAL_NULL_CONVERSION = YES;
				CLANG_WARN_OBJC_LITERAL_CONVERSION = YES;
				CLANG_WARN_OBJC_ROOT_CLASS = YES_ERROR;
				CLANG_WARN_RANGE_LOOP_ANALYSIS = YES;
				CLANG_WARN_STRICT_PROTOTYPES = YES;
				CLANG_WARN_SUSPICIOUS_MOVE = YES;
				CLANG_WARN_SUSPICIOUS_MOVES = YES;
				CLANG_WARN_UNREACHABLE_CODE = YES;
				CLANG_WARN__DUPLICATE_METHOD_MATCH = YES;
				"CODE_SIGN_IDENTITY[sdk=iphoneos*]" = "iPhone Developer";
				COPY_PHASE_STRIP = NO;
				DEBUG_INFORMATION_FORMAT = dwarf;
				ENABLE_STRICT_OBJC_MSGSEND = YES;
				ENABLE_TESTABILITY = YES;
				GCC_C_LANGUAGE_STANDARD = gnu99;
				GCC_DYNAMIC_NO_PIC = NO;
				GCC_NO_COMMON_BLOCKS = YES;
				GCC_OPTIMIZATION_LEVEL = 0;
				GCC_PREPROCESSOR_DEFINITIONS = (
					"DEBUG=1",
					"$(inherited)",
				);
				GCC_WARN_64_TO_32_BIT_CONVERSION = YES;
				GCC_WARN_ABOUT_RETURN_TYPE = YES_ERROR;
				GCC_WARN_UNDECLARED_SELECTOR = YES;
				GCC_WARN_UNINITIALIZED_AUTOS = YES_AGGRESSIVE;
				GCC_WARN_UNUSED_FUNCTION = YES;
				GCC_WARN_UNUSED_VARIABLE = YES;
				IPHONEOS_DEPLOYMENT_TARGET = 9.0;
				MTL_ENABLE_DEBUG_INFO = YES;
				ONLY_ACTIVE_ARCH = YES;
				SDKROOT = iphoneos;
				SWIFT_ACTIVE_COMPILATION_CONDITIONS = DEBUG;
				SWIFT_OPTIMIZATION_LEVEL = "-Onone";
				TARGETED_DEVICE_FAMILY = "1,2";
			};
			name = Debug;
		};
		63D3F0E31FD0F82F008B626B /* Release */ = {
			isa = XCBuildConfiguration;
			buildSettings = {
				ALWAYS_SEARCH_USER_PATHS = NO;
				CLANG_ANALYZER_NONNULL = YES;
				CLANG_CXX_LANGUAGE_STANDARD = "gnu++0x";
				CLANG_CXX_LIBRARY = "libc++";
				CLANG_ENABLE_MODULES = YES;
				CLANG_ENABLE_OBJC_ARC = YES;
				CLANG_WARN_BLOCK_CAPTURE_AUTORELEASING = YES;
				CLANG_WARN_BOOL_CONVERSION = YES;
				CLANG_WARN_COMMA = YES;
				CLANG_WARN_CONSTANT_CONVERSION = YES;
				CLANG_WARN_DIRECT_OBJC_ISA_USAGE = YES_ERROR;
				CLANG_WARN_DOCUMENTATION_COMMENTS = YES;
				CLANG_WARN_EMPTY_BODY = YES;
				CLANG_WARN_ENUM_CONVERSION = YES;
				CLANG_WARN_INFINITE_RECURSION = YES;
				CLANG_WARN_INT_CONVERSION = YES;
				CLANG_WARN_NON_LITERAL_NULL_CONVERSION = YES;
				CLANG_WARN_OBJC_LITERAL_CONVERSION = YES;
				CLANG_WARN_OBJC_ROOT_CLASS = YES_ERROR;
				CLANG_WARN_RANGE_LOOP_ANALYSIS = YES;
				CLANG_WARN_STRICT_PROTOTYPES = YES;
				CLANG_WARN_SUSPICIOUS_MOVE = YES;
				CLANG_WARN_SUSPICIOUS_MOVES = YES;
				CLANG_WARN_UNREACHABLE_CODE = YES;
				CLANG_WARN__DUPLICATE_METHOD_MATCH = YES;
				"CODE_SIGN_IDENTITY[sdk=iphoneos*]" = "iPhone Developer";
				COPY_PHASE_STRIP = NO;
				DEBUG_INFORMATION_FORMAT = "dwarf-with-dsym";
				ENABLE_NS_ASSERTIONS = NO;
				ENABLE_STRICT_OBJC_MSGSEND = YES;
				GCC_C_LANGUAGE_STANDARD = gnu99;
				GCC_NO_COMMON_BLOCKS = YES;
				GCC_WARN_64_TO_32_BIT_CONVERSION = YES;
				GCC_WARN_ABOUT_RETURN_TYPE = YES_ERROR;
				GCC_WARN_UNDECLARED_SELECTOR = YES;
				GCC_WARN_UNINITIALIZED_AUTOS = YES_AGGRESSIVE;
				GCC_WARN_UNUSED_FUNCTION = YES;
				GCC_WARN_UNUSED_VARIABLE = YES;
				IPHONEOS_DEPLOYMENT_TARGET = 9.0;
				MTL_ENABLE_DEBUG_INFO = NO;
				SDKROOT = iphoneos;
				SWIFT_OPTIMIZATION_LEVEL = "-Owholemodule";
				TARGETED_DEVICE_FAMILY = "1,2";
				VALIDATE_PRODUCT = YES;
			};
			name = Release;
		};
		63D3F0E51FD0F82F008B626B /* Debug */ = {
			isa = XCBuildConfiguration;
			baseConfigurationReference = 17E62A00A58D45FAF4DB0AB5 /* Pods-GoogleSheetsPOC.debug.xcconfig */;
			buildSettings = {
				ASSETCATALOG_COMPILER_APPICON_NAME = AppIcon;
				DEVELOPMENT_TEAM = 3597FT9YR3;
				INFOPLIST_FILE = GoogleSheetsPOC/Info.plist;
				LD_RUNPATH_SEARCH_PATHS = "$(inherited) @executable_path/Frameworks";
				PRODUCT_BUNDLE_IDENTIFIER = com.fonts.GoogleSheetsPOC2;
				PRODUCT_NAME = "$(TARGET_NAME)";
				SWIFT_SWIFT3_OBJC_INFERENCE = On;
				SWIFT_VERSION = 4.0;
			};
			name = Debug;
		};
		63D3F0E61FD0F82F008B626B /* Release */ = {
			isa = XCBuildConfiguration;
			baseConfigurationReference = 61BCF6292F89A16C7AC8867A /* Pods-GoogleSheetsPOC.release.xcconfig */;
			buildSettings = {
				ASSETCATALOG_COMPILER_APPICON_NAME = AppIcon;
				DEVELOPMENT_TEAM = 3597FT9YR3;
				INFOPLIST_FILE = GoogleSheetsPOC/Info.plist;
				LD_RUNPATH_SEARCH_PATHS = "$(inherited) @executable_path/Frameworks";
				PRODUCT_BUNDLE_IDENTIFIER = com.fonts.GoogleSheetsPOC2;
				PRODUCT_NAME = "$(TARGET_NAME)";
				SWIFT_SWIFT3_OBJC_INFERENCE = On;
				SWIFT_VERSION = 4.0;
			};
			name = Release;
		};
/* End XCBuildConfiguration section */

/* Begin XCConfigurationList section */
		63D3F0CA1FD0F82F008B626B /* Build configuration list for PBXProject "GoogleSheetsPOC" */ = {
			isa = XCConfigurationList;
			buildConfigurations = (
				63D3F0E21FD0F82F008B626B /* Debug */,
				63D3F0E31FD0F82F008B626B /* Release */,
			);
			defaultConfigurationIsVisible = 0;
			defaultConfigurationName = Release;
		};
		63D3F0E41FD0F82F008B626B /* Build configuration list for PBXNativeTarget "GoogleSheetsPOC" */ = {
			isa = XCConfigurationList;
			buildConfigurations = (
				63D3F0E51FD0F82F008B626B /* Debug */,
				63D3F0E61FD0F82F008B626B /* Release */,
			);
			defaultConfigurationIsVisible = 0;
			defaultConfigurationName = Release;
		};
/* End XCConfigurationList section */
	};
	rootObject = 63D3F0C71FD0F82F008B626B /* Project object */;
}
